
Microsoft Visual Studio Solution File, Format Version 12.00
# Visual Studio Version 17
VisualStudioVersion = 17.8.34330.188
MinimumVisualStudioVersion = 10.0.40219.1
Project("{2150E333-8FDC-42A3-9474-1A3956D46DE8}") = "Services", "Services", "{73E88764-DE8F-41CA-BECB-807681E4BF31}"
EndProject
Project("{2150E333-8FDC-42A3-9474-1A3956D46DE8}") = "Catalog", "Catalog", "{ED5EBADA-7B52-4EF9-AFFF-C3111F57B029}"
EndProject
Project("{9A19103F-16F7-4668-BE54-9A1E7A4F7556}") = "Catalog.API", "Services\Catalog\Catalog.API\Catalog.API.csproj", "{721D9B26-9C38-4BF1-9DCC-F839E969726B}"
EndProject
Project("{2150E333-8FDC-42A3-9474-1A3956D46DE8}") = "BuildingBlocks", "BuildingBlocks", "{7BB95205-5430-4C39-ACA4-3ABD0BBC08C7}"
EndProject
Project("{9A19103F-16F7-4668-BE54-9A1E7A4F7556}") = "BuildingBlocks.Common", "BuildingBlocks\BuildingBlocks.Common\BuildingBlocks.Common.csproj", "{1837EFDC-7DA1-47DB-977E-8508BE82987A}"
EndProject
Project("{E53339B2-1760-4266-BCC7-CA923CBCF16C}") = "docker-compose", "docker-compose.dcproj", "{AAEC9BDD-E8EA-4C32-B3FA-B769360B9F7C}"
EndProject
Project("{2150E333-8FDC-42A3-9474-1A3956D46DE8}") = "Basket", "Basket", "{4ED3377B-FB63-4170-A37F-4774425B6285}"
EndProject
Project("{9A19103F-16F7-4668-BE54-9A1E7A4F7556}") = "Basket.API", "Services\Basket\Basket.API\Basket.API.csproj", "{50C97E7B-BCE8-4064-8990-0EA052411095}"
EndProject
Project("{2150E333-8FDC-42A3-9474-1A3956D46DE8}") = "Discount", "Discount", "{004F0285-F2E8-4100-96B2-A69E11D6AE85}"
EndProject
Project("{9A19103F-16F7-4668-BE54-9A1E7A4F7556}") = "Discount.API", "Services\Discount\Discount.API\Discount.API.csproj", "{F7D4B761-1980-4E6E-996E-3BC639DEB6E0}"
EndProject
Project("{2150E333-8FDC-42A3-9474-1A3956D46DE8}") = "Order", "Order", "{1F6B643A-3668-4B6B-BDDB-77F0261C0DD2}"
EndProject
Project("{9A19103F-16F7-4668-BE54-9A1E7A4F7556}") = "Order.API", "Services\Order\Order.API\Order.API.csproj", "{F60F7426-69BA-4C02-92B4-C9789B09F3D4}"
EndProject
Project("{9A19103F-16F7-4668-BE54-9A1E7A4F7556}") = "Order.Application", "Services\Order\Order.Application\Order.Application.csproj", "{726DD99E-4E23-4CF1-9D07-2047A6A11617}"
EndProject
Project("{9A19103F-16F7-4668-BE54-9A1E7A4F7556}") = "Order.Domain", "Services\Order\Order.Domain\Order.Domain.csproj", "{6E360EEF-BE3F-4817-BBBE-84CCEF42E270}"
EndProject
Project("{9A19103F-16F7-4668-BE54-9A1E7A4F7556}") = "Order.Infrastructure", "Services\Order\Order.Infrastructure\Order.Infrastructure.csproj", "{7C6D7508-A840-49B2-A39C-8397C6C04196}"
EndProject
Project("{9A19103F-16F7-4668-BE54-9A1E7A4F7556}") = "BuildingBlocks.Messages", "BuildingBlocks\BuildingBlocks.Messages\BuildingBlocks.Messages.csproj", "{42650BDC-0553-4EAE-A5AE-7CBBCBB65952}"
EndProject
Project("{2150E333-8FDC-42A3-9474-1A3956D46DE8}") = "Gateways", "Gateways", "{BE683F69-FAF1-4F65-A866-821AB0D7248C}"
EndProject
Project("{9A19103F-16F7-4668-BE54-9A1E7A4F7556}") = "Shopping.API.GW.Yarp", "Gateways\Shopping.API.GW.Yarp\Shopping.API.GW.Yarp.csproj", "{447822F8-519D-4DB6-98C6-A69965DD1CB8}"
EndProject
Project("{FAE04EC0-301F-11D3-BF4B-00C04F79EFBC}") = "Shopping.API.GW.Ocelot", "Gateways\Shopping.API.GW.Ocelot\Shopping.API.GW.Ocelot.csproj", "{506D804C-0A2D-49F1-AE86-54576A73227D}"
EndProject
Project("{9A19103F-16F7-4668-BE54-9A1E7A4F7556}") = "Shopping.API.Aggregator", "Gateways\Shopping.API.Aggregator\Shopping.API.Aggregator.csproj", "{095BE257-2BE2-414C-B9CA-1F74033D8414}"
EndProject
Project("{FAE04EC0-301F-11D3-BF4B-00C04F79EFBC}") = "BuildingBlocks.Logging", "BuildingBlocks\BuildingBlocks.Logging\BuildingBlocks.Logging.csproj", "{D2871279-06D4-458E-AB5E-EB3D9A94E5DF}"
EndProject
Global
	GlobalSection(SolutionConfigurationPlatforms) = preSolution
		Debug|Any CPU = Debug|Any CPU
		Release|Any CPU = Release|Any CPU
	EndGlobalSection
	GlobalSection(ProjectConfigurationPlatforms) = postSolution
		{721D9B26-9C38-4BF1-9DCC-F839E969726B}.Debug|Any CPU.ActiveCfg = Debug|Any CPU
		{721D9B26-9C38-4BF1-9DCC-F839E969726B}.Debug|Any CPU.Build.0 = Debug|Any CPU
		{721D9B26-9C38-4BF1-9DCC-F839E969726B}.Release|Any CPU.ActiveCfg = Release|Any CPU
		{721D9B26-9C38-4BF1-9DCC-F839E969726B}.Release|Any CPU.Build.0 = Release|Any CPU
		{1837EFDC-7DA1-47DB-977E-8508BE82987A}.Debug|Any CPU.ActiveCfg = Debug|Any CPU
		{1837EFDC-7DA1-47DB-977E-8508BE82987A}.Debug|Any CPU.Build.0 = Debug|Any CPU
		{1837EFDC-7DA1-47DB-977E-8508BE82987A}.Release|Any CPU.ActiveCfg = Release|Any CPU
		{1837EFDC-7DA1-47DB-977E-8508BE82987A}.Release|Any CPU.Build.0 = Release|Any CPU
		{AAEC9BDD-E8EA-4C32-B3FA-B769360B9F7C}.Debug|Any CPU.ActiveCfg = Debug|Any CPU
		{AAEC9BDD-E8EA-4C32-B3FA-B769360B9F7C}.Debug|Any CPU.Build.0 = Debug|Any CPU
		{AAEC9BDD-E8EA-4C32-B3FA-B769360B9F7C}.Release|Any CPU.ActiveCfg = Release|Any CPU
		{AAEC9BDD-E8EA-4C32-B3FA-B769360B9F7C}.Release|Any CPU.Build.0 = Release|Any CPU
		{50C97E7B-BCE8-4064-8990-0EA052411095}.Debug|Any CPU.ActiveCfg = Debug|Any CPU
		{50C97E7B-BCE8-4064-8990-0EA052411095}.Debug|Any CPU.Build.0 = Debug|Any CPU
		{50C97E7B-BCE8-4064-8990-0EA052411095}.Release|Any CPU.ActiveCfg = Release|Any CPU
		{50C97E7B-BCE8-4064-8990-0EA052411095}.Release|Any CPU.Build.0 = Release|Any CPU
		{F7D4B761-1980-4E6E-996E-3BC639DEB6E0}.Debug|Any CPU.ActiveCfg = Debug|Any CPU
		{F7D4B761-1980-4E6E-996E-3BC639DEB6E0}.Debug|Any CPU.Build.0 = Debug|Any CPU
		{F7D4B761-1980-4E6E-996E-3BC639DEB6E0}.Release|Any CPU.ActiveCfg = Release|Any CPU
		{F7D4B761-1980-4E6E-996E-3BC639DEB6E0}.Release|Any CPU.Build.0 = Release|Any CPU
		{F60F7426-69BA-4C02-92B4-C9789B09F3D4}.Debug|Any CPU.ActiveCfg = Debug|Any CPU
		{F60F7426-69BA-4C02-92B4-C9789B09F3D4}.Debug|Any CPU.Build.0 = Debug|Any CPU
		{F60F7426-69BA-4C02-92B4-C9789B09F3D4}.Release|Any CPU.ActiveCfg = Release|Any CPU
		{F60F7426-69BA-4C02-92B4-C9789B09F3D4}.Release|Any CPU.Build.0 = Release|Any CPU
		{726DD99E-4E23-4CF1-9D07-2047A6A11617}.Debug|Any CPU.ActiveCfg = Debug|Any CPU
		{726DD99E-4E23-4CF1-9D07-2047A6A11617}.Debug|Any CPU.Build.0 = Debug|Any CPU
		{726DD99E-4E23-4CF1-9D07-2047A6A11617}.Release|Any CPU.ActiveCfg = Release|Any CPU
		{726DD99E-4E23-4CF1-9D07-2047A6A11617}.Release|Any CPU.Build.0 = Release|Any CPU
		{6E360EEF-BE3F-4817-BBBE-84CCEF42E270}.Debug|Any CPU.ActiveCfg = Debug|Any CPU
		{6E360EEF-BE3F-4817-BBBE-84CCEF42E270}.Debug|Any CPU.Build.0 = Debug|Any CPU
		{6E360EEF-BE3F-4817-BBBE-84CCEF42E270}.Release|Any CPU.ActiveCfg = Release|Any CPU
		{6E360EEF-BE3F-4817-BBBE-84CCEF42E270}.Release|Any CPU.Build.0 = Release|Any CPU
		{7C6D7508-A840-49B2-A39C-8397C6C04196}.Debug|Any CPU.ActiveCfg = Debug|Any CPU
		{7C6D7508-A840-49B2-A39C-8397C6C04196}.Debug|Any CPU.Build.0 = Debug|Any CPU
		{7C6D7508-A840-49B2-A39C-8397C6C04196}.Release|Any CPU.ActiveCfg = Release|Any CPU
		{7C6D7508-A840-49B2-A39C-8397C6C04196}.Release|Any CPU.Build.0 = Release|Any CPU
		{42650BDC-0553-4EAE-A5AE-7CBBCBB65952}.Debug|Any CPU.ActiveCfg = Debug|Any CPU
		{42650BDC-0553-4EAE-A5AE-7CBBCBB65952}.Debug|Any CPU.Build.0 = Debug|Any CPU
		{42650BDC-0553-4EAE-A5AE-7CBBCBB65952}.Release|Any CPU.ActiveCfg = Release|Any CPU
		{42650BDC-0553-4EAE-A5AE-7CBBCBB65952}.Release|Any CPU.Build.0 = Release|Any CPU
		{447822F8-519D-4DB6-98C6-A69965DD1CB8}.Debug|Any CPU.ActiveCfg = Debug|Any CPU
		{447822F8-519D-4DB6-98C6-A69965DD1CB8}.Debug|Any CPU.Build.0 = Debug|Any CPU
		{447822F8-519D-4DB6-98C6-A69965DD1CB8}.Release|Any CPU.ActiveCfg = Release|Any CPU
		{447822F8-519D-4DB6-98C6-A69965DD1CB8}.Release|Any CPU.Build.0 = Release|Any CPU
		{506D804C-0A2D-49F1-AE86-54576A73227D}.Debug|Any CPU.ActiveCfg = Debug|Any CPU
		{506D804C-0A2D-49F1-AE86-54576A73227D}.Debug|Any CPU.Build.0 = Debug|Any CPU
		{506D804C-0A2D-49F1-AE86-54576A73227D}.Release|Any CPU.ActiveCfg = Release|Any CPU
		{506D804C-0A2D-49F1-AE86-54576A73227D}.Release|Any CPU.Build.0 = Release|Any CPU
		{095BE257-2BE2-414C-B9CA-1F74033D8414}.Debug|Any CPU.ActiveCfg = Debug|Any CPU
		{095BE257-2BE2-414C-B9CA-1F74033D8414}.Debug|Any CPU.Build.0 = Debug|Any CPU
		{095BE257-2BE2-414C-B9CA-1F74033D8414}.Release|Any CPU.ActiveCfg = Release|Any CPU
		{095BE257-2BE2-414C-B9CA-1F74033D8414}.Release|Any CPU.Build.0 = Release|Any CPU
		{D2871279-06D4-458E-AB5E-EB3D9A94E5DF}.Debug|Any CPU.ActiveCfg = Debug|Any CPU
		{D2871279-06D4-458E-AB5E-EB3D9A94E5DF}.Debug|Any CPU.Build.0 = Debug|Any CPU
		{D2871279-06D4-458E-AB5E-EB3D9A94E5DF}.Release|Any CPU.ActiveCfg = Release|Any CPU
		{D2871279-06D4-458E-AB5E-EB3D9A94E5DF}.Release|Any CPU.Build.0 = Release|Any CPU
	EndGlobalSection
	GlobalSection(SolutionProperties) = preSolution
		HideSolutionNode = FALSE
	EndGlobalSection
	GlobalSection(NestedProjects) = preSolution
		{ED5EBADA-7B52-4EF9-AFFF-C3111F57B029} = {73E88764-DE8F-41CA-BECB-807681E4BF31}
		{721D9B26-9C38-4BF1-9DCC-F839E969726B} = {ED5EBADA-7B52-4EF9-AFFF-C3111F57B029}
		{1837EFDC-7DA1-47DB-977E-8508BE82987A} = {7BB95205-5430-4C39-ACA4-3ABD0BBC08C7}
		{4ED3377B-FB63-4170-A37F-4774425B6285} = {73E88764-DE8F-41CA-BECB-807681E4BF31}
		{50C97E7B-BCE8-4064-8990-0EA052411095} = {4ED3377B-FB63-4170-A37F-4774425B6285}
		{004F0285-F2E8-4100-96B2-A69E11D6AE85} = {73E88764-DE8F-41CA-BECB-807681E4BF31}
		{F7D4B761-1980-4E6E-996E-3BC639DEB6E0} = {004F0285-F2E8-4100-96B2-A69E11D6AE85}
		{1F6B643A-3668-4B6B-BDDB-77F0261C0DD2} = {73E88764-DE8F-41CA-BECB-807681E4BF31}
		{F60F7426-69BA-4C02-92B4-C9789B09F3D4} = {1F6B643A-3668-4B6B-BDDB-77F0261C0DD2}
		{726DD99E-4E23-4CF1-9D07-2047A6A11617} = {1F6B643A-3668-4B6B-BDDB-77F0261C0DD2}
		{6E360EEF-BE3F-4817-BBBE-84CCEF42E270} = {1F6B643A-3668-4B6B-BDDB-77F0261C0DD2}
		{7C6D7508-A840-49B2-A39C-8397C6C04196} = {1F6B643A-3668-4B6B-BDDB-77F0261C0DD2}
		{42650BDC-0553-4EAE-A5AE-7CBBCBB65952} = {7BB95205-5430-4C39-ACA4-3ABD0BBC08C7}
		{447822F8-519D-4DB6-98C6-A69965DD1CB8} = {BE683F69-FAF1-4F65-A866-821AB0D7248C}
		{506D804C-0A2D-49F1-AE86-54576A73227D} = {BE683F69-FAF1-4F65-A866-821AB0D7248C}
		{095BE257-2BE2-414C-B9CA-1F74033D8414} = {BE683F69-FAF1-4F65-A866-821AB0D7248C}
		{D2871279-06D4-458E-AB5E-EB3D9A94E5DF} = {7BB95205-5430-4C39-ACA4-3ABD0BBC08C7}
	EndGlobalSection
	GlobalSection(ExtensibilityGlobals) = postSolution
		SolutionGuid = {BE651D29-8984-46AB-B30C-E2DEEC8205A2}
	EndGlobalSection
EndGlobal
