
Microsoft Visual Studio Solution File, Format Version 12.00
# Visual Studio Version 17
VisualStudioVersion = 17.8.34330.188
MinimumVisualStudioVersion = 10.0.40219.1
Project("{2150E333-8FDC-42A3-9474-1A3956D46DE8}") = "Services", "Services", "{92AF7B43-D2B9-4855-944D-D3DB7742FE69}"
EndProject
Project("{2150E333-8FDC-42A3-9474-1A3956D46DE8}") = "Catalog", "Catalog", "{99F4FBA9-01D3-4CB6-9920-2454B7415C3A}"
EndProject
Project("{9A19103F-16F7-4668-BE54-9A1E7A4F7556}") = "Catalog.API", "Services\Catalog\Catalog.API\Catalog.API.csproj", "{72D1E868-BB84-4662-A0F0-1BC4DC9428D5}"
EndProject
Project("{E53339B2-1760-4266-BCC7-CA923CBCF16C}") = "docker-compose", "docker-compose.dcproj", "{6BC1BF36-F9EA-49DA-8FD3-C279E3F7365F}"
EndProject
Project("{2150E333-8FDC-42A3-9474-1A3956D46DE8}") = "Basket", "Basket", "{36831353-F123-48D5-B373-B866788369EB}"
EndProject
Project("{9A19103F-16F7-4668-BE54-9A1E7A4F7556}") = "Basket.API", "Services\Basket\Basket.API\Basket.API.csproj", "{598ACC64-5575-4EC8-AC7C-BE77E34CB28A}"
EndProject
Project("{2150E333-8FDC-42A3-9474-1A3956D46DE8}") = "Discount", "Discount", "{F95CA3D3-202E-44AC-BB38-FC94279B0993}"
EndProject
Project("{9A19103F-16F7-4668-BE54-9A1E7A4F7556}") = "Discount.API", "Services\Discount\Discount.API\Discount.API.csproj", "{EE48F94D-E058-4E56-B6A4-8E0FE0EB2455}"
EndProject
Project("{9A19103F-16F7-4668-BE54-9A1E7A4F7556}") = "Discount.gRPC", "Services\Discount\Discount.gRPC\Discount.gRPC.csproj", "{2BB1CB27-8295-489C-BF64-94A420B690D6}"
EndProject
Project("{2150E333-8FDC-42A3-9474-1A3956D46DE8}") = "Ordering", "Ordering", "{1FB00EDF-2827-42FA-AFF2-5963806D76BA}"
EndProject
Project("{9A19103F-16F7-4668-BE54-9A1E7A4F7556}") = "Ordering.API", "Services\Ordering\Ordering.API\Ordering.API.csproj", "{16F6ED0C-1F76-44DA-ABB6-EA759A236066}"
EndProject
Project("{9A19103F-16F7-4668-BE54-9A1E7A4F7556}") = "Ordering.Application", "Services\Ordering\Ordering.Application\Ordering.Application.csproj", "{38CC6557-AC4D-4BCD-91CA-2636DBF15003}"
EndProject
Project("{9A19103F-16F7-4668-BE54-9A1E7A4F7556}") = "Ordering.Infrastructure", "Services\Ordering\Ordering.Infrastructure\Ordering.Infrastructure.csproj", "{0C01DEA1-FDEA-4D5A-AC31-BC483BA86F1D}"
EndProject
Project("{9A19103F-16F7-4668-BE54-9A1E7A4F7556}") = "Ordering.Domain", "Services\Ordering\Ordering.Domain\Ordering.Domain.csproj", "{8D66F05C-D5AF-40A3-AFC4-A3BA16D60E8F}"
EndProject
Project("{2150E333-8FDC-42A3-9474-1A3956D46DE8}") = "BuildingBlocks", "BuildingBlocks", "{FFD2AFF1-3A48-4490-A994-0AF5B28A0548}"
EndProject
Project("{9A19103F-16F7-4668-BE54-9A1E7A4F7556}") = "EventBus.Messages", "BuildingBlocks\EventBus.Messages\EventBus.Messages.csproj", "{B2D57F56-E929-4427-8DDE-4020921A6B91}"
EndProject
Project("{9A19103F-16F7-4668-BE54-9A1E7A4F7556}") = "Common.Logging", "BuildingBlocks\Common.Logging\Common.Logging.csproj", "{369058DE-1E23-4728-A11B-F4920A26690E}"
EndProject
Project("{2150E333-8FDC-42A3-9474-1A3956D46DE8}") = "Gateways", "Gateways", "{28F94945-88EE-4B1F-AF3A-1EB80B72929B}"
EndProject
Project("{9A19103F-16F7-4668-BE54-9A1E7A4F7556}") = "Shopping.API.Gateway", "Gateways\Shopping.API.Gateway\Shopping.API.Gateway.csproj", "{7CBFCC20-CCD7-4A81-9A93-B966EB539872}"
EndProject
Project("{9A19103F-16F7-4668-BE54-9A1E7A4F7556}") = "Shopping.API.Aggregator", "Gateways\Shopping.API.Aggregator\Shopping.API.Aggregator.csproj", "{BC3FC0CF-E553-4D1A-833E-D0ECE24C0D85}"
EndProject
Project("{2150E333-8FDC-42A3-9474-1A3956D46DE8}") = "WebApps", "WebApps", "{FBA81337-2F9D-47D6-891E-8C1F54F932D1}"
EndProject
Project("{9A19103F-16F7-4668-BE54-9A1E7A4F7556}") = "AspnetRunBasics", "WebApps\AspnetRunBasics\AspnetRunBasics.csproj", "{E25FD94B-8226-48E9-B965-41A0EA85426D}"
EndProject
Project("{FAE04EC0-301F-11D3-BF4B-00C04F79EFBC}") = "Shopping.App.WebStatus", "WebApps\Shopping.App.WebStatus\Shopping.App.WebStatus.csproj", "{77792CA3-935E-4FC2-932C-FB981FC8D22F}"
EndProject
Global
	GlobalSection(SolutionConfigurationPlatforms) = preSolution
		Debug|Any CPU = Debug|Any CPU
		Release|Any CPU = Release|Any CPU
	EndGlobalSection
	GlobalSection(ProjectConfigurationPlatforms) = postSolution
		{72D1E868-BB84-4662-A0F0-1BC4DC9428D5}.Debug|Any CPU.ActiveCfg = Debug|Any CPU
		{72D1E868-BB84-4662-A0F0-1BC4DC9428D5}.Debug|Any CPU.Build.0 = Debug|Any CPU
		{72D1E868-BB84-4662-A0F0-1BC4DC9428D5}.Release|Any CPU.ActiveCfg = Release|Any CPU
		{72D1E868-BB84-4662-A0F0-1BC4DC9428D5}.Release|Any CPU.Build.0 = Release|Any CPU
		{6BC1BF36-F9EA-49DA-8FD3-C279E3F7365F}.Debug|Any CPU.ActiveCfg = Debug|Any CPU
		{6BC1BF36-F9EA-49DA-8FD3-C279E3F7365F}.Debug|Any CPU.Build.0 = Debug|Any CPU
		{6BC1BF36-F9EA-49DA-8FD3-C279E3F7365F}.Release|Any CPU.ActiveCfg = Release|Any CPU
		{6BC1BF36-F9EA-49DA-8FD3-C279E3F7365F}.Release|Any CPU.Build.0 = Release|Any CPU
		{598ACC64-5575-4EC8-AC7C-BE77E34CB28A}.Debug|Any CPU.ActiveCfg = Debug|Any CPU
		{598ACC64-5575-4EC8-AC7C-BE77E34CB28A}.Debug|Any CPU.Build.0 = Debug|Any CPU
		{598ACC64-5575-4EC8-AC7C-BE77E34CB28A}.Release|Any CPU.ActiveCfg = Release|Any CPU
		{598ACC64-5575-4EC8-AC7C-BE77E34CB28A}.Release|Any CPU.Build.0 = Release|Any CPU
		{EE48F94D-E058-4E56-B6A4-8E0FE0EB2455}.Debug|Any CPU.ActiveCfg = Debug|Any CPU
		{EE48F94D-E058-4E56-B6A4-8E0FE0EB2455}.Debug|Any CPU.Build.0 = Debug|Any CPU
		{EE48F94D-E058-4E56-B6A4-8E0FE0EB2455}.Release|Any CPU.ActiveCfg = Release|Any CPU
		{EE48F94D-E058-4E56-B6A4-8E0FE0EB2455}.Release|Any CPU.Build.0 = Release|Any CPU
		{2BB1CB27-8295-489C-BF64-94A420B690D6}.Debug|Any CPU.ActiveCfg = Debug|Any CPU
		{2BB1CB27-8295-489C-BF64-94A420B690D6}.Debug|Any CPU.Build.0 = Debug|Any CPU
		{2BB1CB27-8295-489C-BF64-94A420B690D6}.Release|Any CPU.ActiveCfg = Release|Any CPU
		{2BB1CB27-8295-489C-BF64-94A420B690D6}.Release|Any CPU.Build.0 = Release|Any CPU
		{16F6ED0C-1F76-44DA-ABB6-EA759A236066}.Debug|Any CPU.ActiveCfg = Debug|Any CPU
		{16F6ED0C-1F76-44DA-ABB6-EA759A236066}.Debug|Any CPU.Build.0 = Debug|Any CPU
		{16F6ED0C-1F76-44DA-ABB6-EA759A236066}.Release|Any CPU.ActiveCfg = Release|Any CPU
		{16F6ED0C-1F76-44DA-ABB6-EA759A236066}.Release|Any CPU.Build.0 = Release|Any CPU
		{38CC6557-AC4D-4BCD-91CA-2636DBF15003}.Debug|Any CPU.ActiveCfg = Debug|Any CPU
		{38CC6557-AC4D-4BCD-91CA-2636DBF15003}.Debug|Any CPU.Build.0 = Debug|Any CPU
		{38CC6557-AC4D-4BCD-91CA-2636DBF15003}.Release|Any CPU.ActiveCfg = Release|Any CPU
		{38CC6557-AC4D-4BCD-91CA-2636DBF15003}.Release|Any CPU.Build.0 = Release|Any CPU
		{0C01DEA1-FDEA-4D5A-AC31-BC483BA86F1D}.Debug|Any CPU.ActiveCfg = Debug|Any CPU
		{0C01DEA1-FDEA-4D5A-AC31-BC483BA86F1D}.Debug|Any CPU.Build.0 = Debug|Any CPU
		{0C01DEA1-FDEA-4D5A-AC31-BC483BA86F1D}.Release|Any CPU.ActiveCfg = Release|Any CPU
		{0C01DEA1-FDEA-4D5A-AC31-BC483BA86F1D}.Release|Any CPU.Build.0 = Release|Any CPU
		{8D66F05C-D5AF-40A3-AFC4-A3BA16D60E8F}.Debug|Any CPU.ActiveCfg = Debug|Any CPU
		{8D66F05C-D5AF-40A3-AFC4-A3BA16D60E8F}.Debug|Any CPU.Build.0 = Debug|Any CPU
		{8D66F05C-D5AF-40A3-AFC4-A3BA16D60E8F}.Release|Any CPU.ActiveCfg = Release|Any CPU
		{8D66F05C-D5AF-40A3-AFC4-A3BA16D60E8F}.Release|Any CPU.Build.0 = Release|Any CPU
		{B2D57F56-E929-4427-8DDE-4020921A6B91}.Debug|Any CPU.ActiveCfg = Debug|Any CPU
		{B2D57F56-E929-4427-8DDE-4020921A6B91}.Debug|Any CPU.Build.0 = Debug|Any CPU
		{B2D57F56-E929-4427-8DDE-4020921A6B91}.Release|Any CPU.ActiveCfg = Release|Any CPU
		{B2D57F56-E929-4427-8DDE-4020921A6B91}.Release|Any CPU.Build.0 = Release|Any CPU
		{369058DE-1E23-4728-A11B-F4920A26690E}.Debug|Any CPU.ActiveCfg = Debug|Any CPU
		{369058DE-1E23-4728-A11B-F4920A26690E}.Debug|Any CPU.Build.0 = Debug|Any CPU
		{369058DE-1E23-4728-A11B-F4920A26690E}.Release|Any CPU.ActiveCfg = Release|Any CPU
		{369058DE-1E23-4728-A11B-F4920A26690E}.Release|Any CPU.Build.0 = Release|Any CPU
		{7CBFCC20-CCD7-4A81-9A93-B966EB539872}.Debug|Any CPU.ActiveCfg = Debug|Any CPU
		{7CBFCC20-CCD7-4A81-9A93-B966EB539872}.Debug|Any CPU.Build.0 = Debug|Any CPU
		{7CBFCC20-CCD7-4A81-9A93-B966EB539872}.Release|Any CPU.ActiveCfg = Release|Any CPU
		{7CBFCC20-CCD7-4A81-9A93-B966EB539872}.Release|Any CPU.Build.0 = Release|Any CPU
		{BC3FC0CF-E553-4D1A-833E-D0ECE24C0D85}.Debug|Any CPU.ActiveCfg = Debug|Any CPU
		{BC3FC0CF-E553-4D1A-833E-D0ECE24C0D85}.Debug|Any CPU.Build.0 = Debug|Any CPU
		{BC3FC0CF-E553-4D1A-833E-D0ECE24C0D85}.Release|Any CPU.ActiveCfg = Release|Any CPU
		{BC3FC0CF-E553-4D1A-833E-D0ECE24C0D85}.Release|Any CPU.Build.0 = Release|Any CPU
		{E25FD94B-8226-48E9-B965-41A0EA85426D}.Debug|Any CPU.ActiveCfg = Debug|Any CPU
		{E25FD94B-8226-48E9-B965-41A0EA85426D}.Debug|Any CPU.Build.0 = Debug|Any CPU
		{E25FD94B-8226-48E9-B965-41A0EA85426D}.Release|Any CPU.ActiveCfg = Release|Any CPU
		{E25FD94B-8226-48E9-B965-41A0EA85426D}.Release|Any CPU.Build.0 = Release|Any CPU
		{77792CA3-935E-4FC2-932C-FB981FC8D22F}.Debug|Any CPU.ActiveCfg = Debug|Any CPU
		{77792CA3-935E-4FC2-932C-FB981FC8D22F}.Debug|Any CPU.Build.0 = Debug|Any CPU
		{77792CA3-935E-4FC2-932C-FB981FC8D22F}.Release|Any CPU.ActiveCfg = Release|Any CPU
		{77792CA3-935E-4FC2-932C-FB981FC8D22F}.Release|Any CPU.Build.0 = Release|Any CPU
	EndGlobalSection
	GlobalSection(SolutionProperties) = preSolution
		HideSolutionNode = FALSE
	EndGlobalSection
	GlobalSection(NestedProjects) = preSolution
		{99F4FBA9-01D3-4CB6-9920-2454B7415C3A} = {92AF7B43-D2B9-4855-944D-D3DB7742FE69}
		{72D1E868-BB84-4662-A0F0-1BC4DC9428D5} = {99F4FBA9-01D3-4CB6-9920-2454B7415C3A}
		{36831353-F123-48D5-B373-B866788369EB} = {92AF7B43-D2B9-4855-944D-D3DB7742FE69}
		{598ACC64-5575-4EC8-AC7C-BE77E34CB28A} = {36831353-F123-48D5-B373-B866788369EB}
		{F95CA3D3-202E-44AC-BB38-FC94279B0993} = {92AF7B43-D2B9-4855-944D-D3DB7742FE69}
		{EE48F94D-E058-4E56-B6A4-8E0FE0EB2455} = {F95CA3D3-202E-44AC-BB38-FC94279B0993}
		{2BB1CB27-8295-489C-BF64-94A420B690D6} = {F95CA3D3-202E-44AC-BB38-FC94279B0993}
		{1FB00EDF-2827-42FA-AFF2-5963806D76BA} = {92AF7B43-D2B9-4855-944D-D3DB7742FE69}
		{16F6ED0C-1F76-44DA-ABB6-EA759A236066} = {1FB00EDF-2827-42FA-AFF2-5963806D76BA}
		{38CC6557-AC4D-4BCD-91CA-2636DBF15003} = {1FB00EDF-2827-42FA-AFF2-5963806D76BA}
		{0C01DEA1-FDEA-4D5A-AC31-BC483BA86F1D} = {1FB00EDF-2827-42FA-AFF2-5963806D76BA}
		{8D66F05C-D5AF-40A3-AFC4-A3BA16D60E8F} = {1FB00EDF-2827-42FA-AFF2-5963806D76BA}
		{B2D57F56-E929-4427-8DDE-4020921A6B91} = {FFD2AFF1-3A48-4490-A994-0AF5B28A0548}
		{369058DE-1E23-4728-A11B-F4920A26690E} = {FFD2AFF1-3A48-4490-A994-0AF5B28A0548}
		{7CBFCC20-CCD7-4A81-9A93-B966EB539872} = {28F94945-88EE-4B1F-AF3A-1EB80B72929B}
		{BC3FC0CF-E553-4D1A-833E-D0ECE24C0D85} = {28F94945-88EE-4B1F-AF3A-1EB80B72929B}
		{E25FD94B-8226-48E9-B965-41A0EA85426D} = {FBA81337-2F9D-47D6-891E-8C1F54F932D1}
		{77792CA3-935E-4FC2-932C-FB981FC8D22F} = {FBA81337-2F9D-47D6-891E-8C1F54F932D1}
	EndGlobalSection
	GlobalSection(ExtensibilityGlobals) = postSolution
		SolutionGuid = {0CA2E651-678E-431E-8B41-9979A41103A2}
	EndGlobalSection
EndGlobal
